
Microsoft Visual Studio Solution File, Format Version 12.00
# Visual Studio Version 16
VisualStudioVersion = 16.0.31702.278
MinimumVisualStudioVersion = 10.0.40219.1
Project("{FAE04EC0-301F-11D3-BF4B-00C04F79EFBC}") = "CafeLib", "CafeLib.csproj", "{F81F9284-81D4-432C-A29E-A7C828F5C8E2}"
EndProject
Global
	GlobalSection(SolutionConfigurationPlatforms) = preSolution
		Debug|Any CPU = Debug|Any CPU
		Release|Any CPU = Release|Any CPU
	EndGlobalSection
	GlobalSection(ProjectConfigurationPlatforms) = postSolution
		{F81F9284-81D4-432C-A29E-A7C828F5C8E2}.Debug|Any CPU.ActiveCfg = Debug|Any CPU
		{F81F9284-81D4-432C-A29E-A7C828F5C8E2}.Debug|Any CPU.Build.0 = Debug|Any CPU
		{F81F9284-81D4-432C-A29E-A7C828F5C8E2}.Release|Any CPU.ActiveCfg = Release|Any CPU
		{F81F9284-81D4-432C-A29E-A7C828F5C8E2}.Release|Any CPU.Build.0 = Release|Any CPU
	EndGlobalSection
	GlobalSection(SolutionProperties) = preSolution
		HideSolutionNode = FALSE
	EndGlobalSection
	GlobalSection(ExtensibilityGlobals) = postSolution
		SolutionGuid = {87AD3CDF-7695-44F0-B20B-465CF8F51341}
	EndGlobalSection
EndGlobal
