
Microsoft Visual Studio Solution File, Format Version 12.00
# Visual Studio Version 16
VisualStudioVersion = 16.0.31613.86
MinimumVisualStudioVersion = 10.0.40219.1
Project("{FAE04EC0-301F-11D3-BF4B-00C04F79EFBC}") = "PE8 - number 7", "PE8 - number 7.csproj", "{196246D7-0061-4592-B080-C2F0199BDDCF}"
EndProject
Global
	GlobalSection(SolutionConfigurationPlatforms) = preSolution
		Debug|Any CPU = Debug|Any CPU
		Release|Any CPU = Release|Any CPU
	EndGlobalSection
	GlobalSection(ProjectConfigurationPlatforms) = postSolution
		{196246D7-0061-4592-B080-C2F0199BDDCF}.Debug|Any CPU.ActiveCfg = Debug|Any CPU
		{196246D7-0061-4592-B080-C2F0199BDDCF}.Debug|Any CPU.Build.0 = Debug|Any CPU
		{196246D7-0061-4592-B080-C2F0199BDDCF}.Release|Any CPU.ActiveCfg = Release|Any CPU
		{196246D7-0061-4592-B080-C2F0199BDDCF}.Release|Any CPU.Build.0 = Release|Any CPU
	EndGlobalSection
	GlobalSection(SolutionProperties) = preSolution
		HideSolutionNode = FALSE
	EndGlobalSection
	GlobalSection(ExtensibilityGlobals) = postSolution
		SolutionGuid = {4C4DEDCC-6168-4346-95A4-BE2F285BBE78}
	EndGlobalSection
EndGlobal
