
Microsoft Visual Studio Solution File, Format Version 12.00
# Visual Studio Version 16
VisualStudioVersion = 16.0.31613.86
MinimumVisualStudioVersion = 10.0.40219.1
Project("{FAE04EC0-301F-11D3-BF4B-00C04F79EFBC}") = "McErlean_HelloWorld", "McErlean_HelloWorld.csproj", "{30FFDE1D-2245-4C35-AE5C-6E6EDB3C34D6}"
EndProject
Global
	GlobalSection(SolutionConfigurationPlatforms) = preSolution
		Debug|Any CPU = Debug|Any CPU
		Release|Any CPU = Release|Any CPU
	EndGlobalSection
	GlobalSection(ProjectConfigurationPlatforms) = postSolution
		{30FFDE1D-2245-4C35-AE5C-6E6EDB3C34D6}.Debug|Any CPU.ActiveCfg = Debug|Any CPU
		{30FFDE1D-2245-4C35-AE5C-6E6EDB3C34D6}.Debug|Any CPU.Build.0 = Debug|Any CPU
		{30FFDE1D-2245-4C35-AE5C-6E6EDB3C34D6}.Release|Any CPU.ActiveCfg = Release|Any CPU
		{30FFDE1D-2245-4C35-AE5C-6E6EDB3C34D6}.Release|Any CPU.Build.0 = Release|Any CPU
	EndGlobalSection
	GlobalSection(SolutionProperties) = preSolution
		HideSolutionNode = FALSE
	EndGlobalSection
	GlobalSection(ExtensibilityGlobals) = postSolution
		SolutionGuid = {8FA4468B-8485-49CE-A8DD-89E031E5142C}
	EndGlobalSection
EndGlobal
