
Microsoft Visual Studio Solution File, Format Version 12.00
# Visual Studio Version 16
VisualStudioVersion = 16.0.31911.196
MinimumVisualStudioVersion = 10.0.40219.1
Project("{FAE04EC0-301F-11D3-BF4B-00C04F79EFBC}") = "Unit Test 3 - Question 1", "Unit Test 3 - Question 1.csproj", "{2A015CA8-1B58-4D97-BA30-EBDC90E80A6E}"
EndProject
Global
	GlobalSection(SolutionConfigurationPlatforms) = preSolution
		Debug|Any CPU = Debug|Any CPU
		Release|Any CPU = Release|Any CPU
	EndGlobalSection
	GlobalSection(ProjectConfigurationPlatforms) = postSolution
		{2A015CA8-1B58-4D97-BA30-EBDC90E80A6E}.Debug|Any CPU.ActiveCfg = Debug|Any CPU
		{2A015CA8-1B58-4D97-BA30-EBDC90E80A6E}.Debug|Any CPU.Build.0 = Debug|Any CPU
		{2A015CA8-1B58-4D97-BA30-EBDC90E80A6E}.Release|Any CPU.ActiveCfg = Release|Any CPU
		{2A015CA8-1B58-4D97-BA30-EBDC90E80A6E}.Release|Any CPU.Build.0 = Release|Any CPU
	EndGlobalSection
	GlobalSection(SolutionProperties) = preSolution
		HideSolutionNode = FALSE
	EndGlobalSection
	GlobalSection(ExtensibilityGlobals) = postSolution
		SolutionGuid = {D7E4FB81-8747-4DD0-95DD-73F45C86AD44}
	EndGlobalSection
EndGlobal
