
Microsoft Visual Studio Solution File, Format Version 12.00
# Visual Studio Version 16
VisualStudioVersion = 16.0.31613.86
MinimumVisualStudioVersion = 10.0.40219.1
Project("{FAE04EC0-301F-11D3-BF4B-00C04F79EFBC}") = "PE9", "PE9.csproj", "{9AE0C1DE-501B-4465-A433-472D9287A88A}"
EndProject
Global
	GlobalSection(SolutionConfigurationPlatforms) = preSolution
		Debug|Any CPU = Debug|Any CPU
		Release|Any CPU = Release|Any CPU
	EndGlobalSection
	GlobalSection(ProjectConfigurationPlatforms) = postSolution
		{9AE0C1DE-501B-4465-A433-472D9287A88A}.Debug|Any CPU.ActiveCfg = Debug|Any CPU
		{9AE0C1DE-501B-4465-A433-472D9287A88A}.Debug|Any CPU.Build.0 = Debug|Any CPU
		{9AE0C1DE-501B-4465-A433-472D9287A88A}.Release|Any CPU.ActiveCfg = Release|Any CPU
		{9AE0C1DE-501B-4465-A433-472D9287A88A}.Release|Any CPU.Build.0 = Release|Any CPU
	EndGlobalSection
	GlobalSection(SolutionProperties) = preSolution
		HideSolutionNode = FALSE
	EndGlobalSection
	GlobalSection(ExtensibilityGlobals) = postSolution
		SolutionGuid = {CFC4DAC4-12AF-4AF2-8CB5-92C0222284FB}
	EndGlobalSection
EndGlobal
